# This file is automatically @generated by Poetry 1.6.1 and should not be changed by hand.

[[package]]
name = "beets"
version = "1.6.0"
description = "music tagger and library organizer"
optional = false
python-versions = "*"
files = [
    {file = "beets-1.6.0.tar.gz", hash = "sha256:aa6fb734e44afc9b039c0abd0edd4c7706df00d4eb4aae7afa9ff4b6bb15525d"},
]

[package.dependencies]
confuse = ">=1.0.0"
jellyfish = "*"
mediafile = ">=0.2.0"
munkres = ">=1.0.0"
musicbrainzngs = ">=0.4"
pyyaml = "*"
unidecode = "*"

[package.extras]
absubmit = ["requests"]
beatport = ["requests-oauthlib (>=0.6.1)"]
bpd = ["PyGObject"]
chroma = ["pyacoustid"]
discogs = ["python3-discogs-client (>=2.3.10)"]
embedart = ["Pillow"]
embyupdate = ["requests"]
fetchart = ["Pillow", "requests"]
import = ["py7zr", "rarfile"]
kodiupdate = ["requests"]
lastgenre = ["pylast"]
lastimport = ["pylast"]
lint = ["flake8", "flake8-docstrings", "pep8-naming"]
lyrics = ["beautifulsoup4", "langdetect", "requests"]
metasync = ["dbus-python"]
mpdstats = ["python-mpd2 (>=0.4.2)"]
plexupdate = ["requests"]
reflink = ["reflink"]
replaygain = ["PyGObject"]
scrub = ["mutagen (>=1.33)"]
sonosupdate = ["soco"]
test = ["beautifulsoup4", "coverage", "flask", "mock", "py7zr", "pylast", "pytest", "python-mpd2", "python3-discogs-client", "pyxdg", "rarfile", "reflink", "requests_oauthlib", "responses (>=0.3.0)"]
thumbnails = ["Pillow", "pyxdg"]
web = ["flask", "flask-cors"]

[[package]]
name = "confuse"
version = "2.0.1"
description = "Painless YAML configuration."
optional = false
python-versions = ">=3.6"
files = [
    {file = "confuse-2.0.1-py3-none-any.whl", hash = "sha256:9b9e5bbc70e2cb9b318bcab14d917ec88e21bf1b724365e3815eb16e37aabd2a"},
    {file = "confuse-2.0.1.tar.gz", hash = "sha256:7379a2ad49aaa862b79600cc070260c1b7974d349f4fa5e01f9afa6c4dd0611f"},
]

[package.dependencies]
pyyaml = "*"

[[package]]
name = "cron-converter"
version = "1.0.2"
description = "Cron string parser and scheduler for Python"
optional = false
python-versions = ">=3.8"
files = [
    {file = "cron-converter-1.0.2.tar.gz", hash = "sha256:068b91f3b8f21941e564c4af25c7e3ca5c3944607790d02e4b97109a1e200ee6"},
    {file = "cron_converter-1.0.2-py3-none-any.whl", hash = "sha256:708a83824d383fd4ecd55cee1d7f3c3f630297fdd8062a2adcbce1d352d5c3b3"},
]

[package.dependencies]
python-dateutil = "*"

[package.extras]
test = ["unittest"]

[[package]]
name = "jellyfish"
version = "1.0.1"
description = "Approximate and phonetic matching of strings."
optional = false
python-versions = ">=3.7"
files = [
    {file = "jellyfish-1.0.1-cp310-cp310-macosx_10_7_x86_64.whl", hash = "sha256:29a736569aec9e2c96f7e3b3ba16f4309f538867c947a436f1f0a7932fe6cb46"},
    {file = "jellyfish-1.0.1-cp310-cp310-macosx_11_0_arm64.whl", hash = "sha256:483c4655ef908b1b5c2c52d97c839f383d4ed3471553b1e9c6f7337b5875f896"},
    {file = "jellyfish-1.0.1-cp310-cp310-manylinux_2_17_aarch64.manylinux2014_aarch64.whl", hash = "sha256:57b2e7c452581450c3550373393714ebcf5c2dc445d5744ec74846648c140aee"},
    {file = "jellyfish-1.0.1-cp310-cp310-manylinux_2_17_armv7l.manylinux2014_armv7l.whl", hash = "sha256:ef9e13b75382fe504d77e48c13adb963f27206ef93f74d3bc634bef70afb3427"},
    {file = "jellyfish-1.0.1-cp310-cp310-manylinux_2_17_x86_64.manylinux2014_x86_64.whl", hash = "sha256:69f6b5f89383705834877b86100cf5a49c985a200076524b1c24ceb9e25916e5"},
    {file = "jellyfish-1.0.1-cp310-cp310-musllinux_1_1_i686.whl", hash = "sha256:d4000d6d4cf5abf1fbd354948be4647a593864a542dc6c3c5622af63465af7d8"},
    {file = "jellyfish-1.0.1-cp310-cp310-musllinux_1_1_x86_64.whl", hash = "sha256:0433e99e94b6e13bc8af3236c6a80ccf70d75fd25eecb692022aa7f3efb3c0ec"},
    {file = "jellyfish-1.0.1-cp310-none-win32.whl", hash = "sha256:87a9755a393f9233d7a9afe6c5bd5b5c1910c3c2832ba8562bc4a694b481408a"},
    {file = "jellyfish-1.0.1-cp310-none-win_amd64.whl", hash = "sha256:48483138cdbac8b06250ac36e5d27dc7145511ebec3c9232e3d56e676f69415d"},
    {file = "jellyfish-1.0.1-cp311-cp311-macosx_10_7_x86_64.whl", hash = "sha256:56ed38d549bb59718f8b5e17645e514d6bf8c633d72f70839fee1eab1484b630"},
    {file = "jellyfish-1.0.1-cp311-cp311-macosx_11_0_arm64.whl", hash = "sha256:bdb20cb00f7a2051f46676625cc0a00cb2395c5eb31aa462e3f3f1706a07d5d7"},
    {file = "jellyfish-1.0.1-cp311-cp311-manylinux_2_17_aarch64.manylinux2014_aarch64.whl", hash = "sha256:31b3def6f80ec1c63a91bf14e3083bf7f081ef1661dfaa5a91d29aafc9a519f6"},
    {file = "jellyfish-1.0.1-cp311-cp311-manylinux_2_17_armv7l.manylinux2014_armv7l.whl", hash = "sha256:960b621e234abbf9c612448ce4c99055fd71c7ff8ae722bdae28d927fbe1a59e"},
    {file = "jellyfish-1.0.1-cp311-cp311-manylinux_2_17_x86_64.manylinux2014_x86_64.whl", hash = "sha256:4dfb477ecc9b5b878a4f7f8d8e6a932d73ddf10b2c0fcbbe3a7d8d40426f0297"},
    {file = "jellyfish-1.0.1-cp311-cp311-musllinux_1_1_i686.whl", hash = "sha256:067c0360576542f48dec9c61575e594589be22614a453085ed5f393a934085ac"},
    {file = "jellyfish-1.0.1-cp311-cp311-musllinux_1_1_x86_64.whl", hash = "sha256:7b7a471e00c7410362617363fc59d534e400aed40b6b740580d3e7a852e91571"},
    {file = "jellyfish-1.0.1-cp311-none-win32.whl", hash = "sha256:3e9f74a3c85951f753be932a6eb3b226436dcfaa655893b6030cd5f49f09096a"},
    {file = "jellyfish-1.0.1-cp311-none-win_amd64.whl", hash = "sha256:08bb36564b076a063c61a531fac1b5e2b07ecab9873df4d67c3d72460c79b127"},
    {file = "jellyfish-1.0.1-cp312-cp312-manylinux_2_17_aarch64.manylinux2014_aarch64.whl", hash = "sha256:319b72b1cc43835010ddb8184f0d06eeda5520a815ec6848dbf1ca74a897e734"},
    {file = "jellyfish-1.0.1-cp312-cp312-manylinux_2_17_armv7l.manylinux2014_armv7l.whl", hash = "sha256:5f1fbe4a3ee9f0a76ab88a269e2577ef7815fcaa5960e6a2015b50fcbdee5676"},
    {file = "jellyfish-1.0.1-cp312-cp312-manylinux_2_17_x86_64.manylinux2014_x86_64.whl", hash = "sha256:ac72ccbb6798816f953e0b4f2452db59d560c0e74be36c58524246861b2b1978"},
    {file = "jellyfish-1.0.1-cp38-cp38-macosx_10_7_x86_64.whl", hash = "sha256:486117a0158263ecec9ea54071c25819253bd4ec0d325752b2dc5830b04c7d0e"},
    {file = "jellyfish-1.0.1-cp38-cp38-macosx_11_0_arm64.whl", hash = "sha256:595a74dcd06814b0e62e7a5d3c6a349f5e552697f50549bbd49a86f7ea093b80"},
    {file = "jellyfish-1.0.1-cp38-cp38-manylinux_2_17_aarch64.manylinux2014_aarch64.whl", hash = "sha256:9a5a8fa58e70ad8e9c112fd09f7f9c3581a7fe3b5dba5a4094aaaa91125f854d"},
    {file = "jellyfish-1.0.1-cp38-cp38-manylinux_2_17_armv7l.manylinux2014_armv7l.whl", hash = "sha256:77e827f06861ddabeb147f352ef3848e686666098d76b2e41466a7d8d84c9606"},
    {file = "jellyfish-1.0.1-cp38-cp38-manylinux_2_17_x86_64.manylinux2014_x86_64.whl", hash = "sha256:c8b3ad146420556cb1286b9b96d3cf628e59ca4639ba6a060b0934c16f2376b1"},
    {file = "jellyfish-1.0.1-cp38-cp38-musllinux_1_1_i686.whl", hash = "sha256:dde61fc6f8927064acf2b8699207baa1294f60b517e61f523617e78d5c957cba"},
    {file = "jellyfish-1.0.1-cp38-cp38-musllinux_1_1_x86_64.whl", hash = "sha256:44329a8a7687d0d8fb6f4389f78b4d6a7cf8e3b683ff5e0e0ce10bb260c0a5fa"},
    {file = "jellyfish-1.0.1-cp38-none-win32.whl", hash = "sha256:2da658184d12a9a1ee1173f3c253ff4e8add8846cbc98e0d3d97ab36033db902"},
    {file = "jellyfish-1.0.1-cp38-none-win_amd64.whl", hash = "sha256:ad21cf68d3c7989cb98c40a41e200a00bf03097550c44f87488e7db61b8341e6"},
    {file = "jellyfish-1.0.1-cp39-cp39-macosx_10_7_x86_64.whl", hash = "sha256:c7a50dbcbf36326bfd93b40b967978c9628b9089f9c278d0b77a37db600815a8"},
    {file = "jellyfish-1.0.1-cp39-cp39-macosx_11_0_arm64.whl", hash = "sha256:74d766394d7148a3cd177cb046592b6e2f3c9ee6a245791bd5454369e6dc7f8a"},
    {file = "jellyfish-1.0.1-cp39-cp39-manylinux_2_17_aarch64.manylinux2014_aarch64.whl", hash = "sha256:cf4757b15e257b44d0942ec9c1582b793b7e2e8f4c499a73ed196ad08cdffef8"},
    {file = "jellyfish-1.0.1-cp39-cp39-manylinux_2_17_armv7l.manylinux2014_armv7l.whl", hash = "sha256:fd50e1bff0ada0faa3d76c844c91ea7159737c689f1afbb32a3e0e767d5f334d"},
    {file = "jellyfish-1.0.1-cp39-cp39-manylinux_2_17_x86_64.manylinux2014_x86_64.whl", hash = "sha256:5e916c119e32ac66abe18d9112d2a31b439dff7125b648671e4bf12f46b04205"},
    {file = "jellyfish-1.0.1-cp39-cp39-musllinux_1_1_i686.whl", hash = "sha256:652f5a3526132ea092209402d28274b1027777aeb4257fd87a3b7fca5832bae3"},
    {file = "jellyfish-1.0.1-cp39-cp39-musllinux_1_1_x86_64.whl", hash = "sha256:5d8db82b194768ca82b74d860ed5739a70737b96c572735e25bea00ef00e01f8"},
    {file = "jellyfish-1.0.1-cp39-none-win32.whl", hash = "sha256:56ae9c53ced7c26917cd9de346688baff7303898d3917355d920de15d7aedea4"},
    {file = "jellyfish-1.0.1-cp39-none-win_amd64.whl", hash = "sha256:9a15a391e21e0d7055de04720c95fbbb5ae184a3c87ef079688d456ce51d3cef"},
    {file = "jellyfish-1.0.1-pp38-pypy38_pp73-macosx_10_7_x86_64.whl", hash = "sha256:47190758ed11de7206fe7eae4ddb51616ad3e5ffb624dd90b96fe29d179383a1"},
    {file = "jellyfish-1.0.1-pp38-pypy38_pp73-macosx_11_0_arm64.whl", hash = "sha256:8e6826e9274a790504e252c94e0c21c79b82398b837a3a3275d5528d3b6144ee"},
    {file = "jellyfish-1.0.1-pp38-pypy38_pp73-manylinux_2_17_aarch64.manylinux2014_aarch64.whl", hash = "sha256:cb398256f4bf2ae5604266f22783070d02e920da2c7f7dff52a6f21ea332f266"},
    {file = "jellyfish-1.0.1-pp38-pypy38_pp73-manylinux_2_17_armv7l.manylinux2014_armv7l.whl", hash = "sha256:7aae0205a3d2d20f4175139126c2e7c79b541fa14daab264508b4308546d779f"},
    {file = "jellyfish-1.0.1-pp38-pypy38_pp73-manylinux_2_17_x86_64.manylinux2014_x86_64.whl", hash = "sha256:0b0051d2105ff76a87950cd8604b3f964fef4e6d0b83f9832e920835826436c7"},
    {file = "jellyfish-1.0.1-pp38-pypy38_pp73-musllinux_1_1_i686.whl", hash = "sha256:f83a3d42808d682f74619f63afe23284e3d80f9fc4912ed868b21671c9d124b2"},
    {file = "jellyfish-1.0.1-pp38-pypy38_pp73-musllinux_1_1_x86_64.whl", hash = "sha256:0fb0a463fc40d6b885f5cfcdb1638d6b096a56053e02819db37f16121ae831e6"},
    {file = "jellyfish-1.0.1-pp39-pypy39_pp73-macosx_10_7_x86_64.whl", hash = "sha256:f388a539fb3c4742f2bc96d014abc208e4b4ccaa36e4778c8ac03c04e45b5be4"},
    {file = "jellyfish-1.0.1-pp39-pypy39_pp73-macosx_11_0_arm64.whl", hash = "sha256:784fcc444d74a13595b7f9e18989470d2f8456b1d5ba95a82b2099d7fe0a0918"},
    {file = "jellyfish-1.0.1-pp39-pypy39_pp73-manylinux_2_17_aarch64.manylinux2014_aarch64.whl", hash = "sha256:b26c2bc4cdd6aaaae74b3aa63f2c9c60ac1b07e89d499732698e12f3aa7fc434"},
    {file = "jellyfish-1.0.1-pp39-pypy39_pp73-manylinux_2_17_armv7l.manylinux2014_armv7l.whl", hash = "sha256:bbf7bc3674e616f1dee4430a78faf6c6d6b2eb47d86deed834cd93668a1a7cb4"},
    {file = "jellyfish-1.0.1-pp39-pypy39_pp73-manylinux_2_17_x86_64.manylinux2014_x86_64.whl", hash = "sha256:78334b1f8240a6a6f09efa8255e83ff5e8d2318e7e3e922f9bbfb3f5256d9404"},
    {file = "jellyfish-1.0.1-pp39-pypy39_pp73-musllinux_1_1_i686.whl", hash = "sha256:05d89204cfb45ca0fb0a5e8eb8a74ed11440dce22c40bf48568b6e5128cbda34"},
    {file = "jellyfish-1.0.1-pp39-pypy39_pp73-musllinux_1_1_x86_64.whl", hash = "sha256:6be50a09ca528af4c3d197160eb90fe68cc1e76dff316770f0dc092b1ce8543b"},
    {file = "jellyfish-1.0.1.tar.gz", hash = "sha256:f664520189e3ae16e0b5fee21f19d15c8926e2320fd195ccc65d96390d9e9689"},
]

[[package]]
name = "mediafile"
version = "0.12.0"
description = "Handles low-level interfacing for files' tags. Wraps Mutagen to"
optional = false
python-versions = ">=3.7"
files = [
    {file = "mediafile-0.12.0-py3-none-any.whl", hash = "sha256:6b6fdb61bb151cd9d6a8a8821ce28adee604ede8a9a992f0d9dd3e835ef4899b"},
    {file = "mediafile-0.12.0.tar.gz", hash = "sha256:d75d805a06ed56150dbcea76505e700f9809abd9e98f98117ae46f5df2ccf1d7"},
]

[package.dependencies]
mutagen = ">=1.46"
six = ">=1.9"

[package.extras]
test = ["tox"]

[[package]]
name = "munkres"
version = "1.1.4"
description = "Munkres (Hungarian) algorithm for the Assignment Problem"
optional = false
python-versions = "*"
files = [
    {file = "munkres-1.1.4-py2.py3-none-any.whl", hash = "sha256:6b01867d4a8480d865aea2326e4b8f7c46431e9e55b4a2e32d989307d7bced2a"},
    {file = "munkres-1.1.4.tar.gz", hash = "sha256:fc44bf3c3979dada4b6b633ddeeb8ffbe8388ee9409e4d4e8310c2da1792db03"},
]

[[package]]
name = "musicbrainzngs"
version = "0.7.1"
description = "Python bindings for the MusicBrainz NGS and the Cover Art Archive webservices"
optional = false
python-versions = ">=2.7, !=3.0.*, !=3.1.*, !=3.2.*, !=3.3.*"
files = [
    {file = "musicbrainzngs-0.7.1-py2.py3-none-any.whl", hash = "sha256:e841a8f975104c0a72290b09f59326050194081a5ae62ee512f41915090e1a10"},
    {file = "musicbrainzngs-0.7.1.tar.gz", hash = "sha256:ab1c0100fd0b305852e65f2ed4113c6de12e68afd55186987b8ed97e0f98e627"},
]

[[package]]
name = "mutagen"
version = "1.47.0"
description = "read and write audio tags for many formats"
optional = false
python-versions = ">=3.7"
files = [
    {file = "mutagen-1.47.0-py3-none-any.whl", hash = "sha256:edd96f50c5907a9539d8e5bba7245f62c9f520aef333d13392a79a4f70aca719"},
    {file = "mutagen-1.47.0.tar.gz", hash = "sha256:719fadef0a978c31b4cf3c956261b3c58b6948b32023078a2117b1de09f0fc99"},
]

[[package]]
name = "python-dateutil"
version = "2.8.2"
description = "Extensions to the standard Python datetime module"
optional = false
python-versions = "!=3.0.*,!=3.1.*,!=3.2.*,>=2.7"
files = [
    {file = "python-dateutil-2.8.2.tar.gz", hash = "sha256:0123cacc1627ae19ddf3c27a5de5bd67ee4586fbdd6440d9748f8abb483d3e86"},
    {file = "python_dateutil-2.8.2-py2.py3-none-any.whl", hash = "sha256:961d03dc3453ebbc59dbdea9e4e11c5651520a876d0f4db161e8674aae935da9"},
]

[package.dependencies]
six = ">=1.5"

[[package]]
name = "pyyaml"
version = "6.0.1"
description = "YAML parser and emitter for Python"
optional = false
python-versions = ">=3.6"
files = [
    {file = "PyYAML-6.0.1-cp310-cp310-macosx_10_9_x86_64.whl", hash = "sha256:d858aa552c999bc8a8d57426ed01e40bef403cd8ccdd0fc5f6f04a00414cac2a"},
    {file = "PyYAML-6.0.1-cp310-cp310-macosx_11_0_arm64.whl", hash = "sha256:fd66fc5d0da6d9815ba2cebeb4205f95818ff4b79c3ebe268e75d961704af52f"},
    {file = "PyYAML-6.0.1-cp310-cp310-manylinux_2_17_aarch64.manylinux2014_aarch64.whl", hash = "sha256:69b023b2b4daa7548bcfbd4aa3da05b3a74b772db9e23b982788168117739938"},
    {file = "PyYAML-6.0.1-cp310-cp310-manylinux_2_17_s390x.manylinux2014_s390x.whl", hash = "sha256:81e0b275a9ecc9c0c0c07b4b90ba548307583c125f54d5b6946cfee6360c733d"},
    {file = "PyYAML-6.0.1-cp310-cp310-manylinux_2_17_x86_64.manylinux2014_x86_64.whl", hash = "sha256:ba336e390cd8e4d1739f42dfe9bb83a3cc2e80f567d8805e11b46f4a943f5515"},
    {file = "PyYAML-6.0.1-cp310-cp310-musllinux_1_1_x86_64.whl", hash = "sha256:326c013efe8048858a6d312ddd31d56e468118ad4cdeda36c719bf5bb6192290"},
    {file = "PyYAML-6.0.1-cp310-cp310-win32.whl", hash = "sha256:bd4af7373a854424dabd882decdc5579653d7868b8fb26dc7d0e99f823aa5924"},
    {file = "PyYAML-6.0.1-cp310-cp310-win_amd64.whl", hash = "sha256:fd1592b3fdf65fff2ad0004b5e363300ef59ced41c2e6b3a99d4089fa8c5435d"},
    {file = "PyYAML-6.0.1-cp311-cp311-macosx_10_9_x86_64.whl", hash = "sha256:6965a7bc3cf88e5a1c3bd2e0b5c22f8d677dc88a455344035f03399034eb3007"},
    {file = "PyYAML-6.0.1-cp311-cp311-macosx_11_0_arm64.whl", hash = "sha256:f003ed9ad21d6a4713f0a9b5a7a0a79e08dd0f221aff4525a2be4c346ee60aab"},
    {file = "PyYAML-6.0.1-cp311-cp311-manylinux_2_17_aarch64.manylinux2014_aarch64.whl", hash = "sha256:42f8152b8dbc4fe7d96729ec2b99c7097d656dc1213a3229ca5383f973a5ed6d"},
    {file = "PyYAML-6.0.1-cp311-cp311-manylinux_2_17_s390x.manylinux2014_s390x.whl", hash = "sha256:062582fca9fabdd2c8b54a3ef1c978d786e0f6b3a1510e0ac93ef59e0ddae2bc"},
    {file = "PyYAML-6.0.1-cp311-cp311-manylinux_2_17_x86_64.manylinux2014_x86_64.whl", hash = "sha256:d2b04aac4d386b172d5b9692e2d2da8de7bfb6c387fa4f801fbf6fb2e6ba4673"},
    {file = "PyYAML-6.0.1-cp311-cp311-musllinux_1_1_x86_64.whl", hash = "sha256:e7d73685e87afe9f3b36c799222440d6cf362062f78be1013661b00c5c6f678b"},
    {file = "PyYAML-6.0.1-cp311-cp311-win32.whl", hash = "sha256:1635fd110e8d85d55237ab316b5b011de701ea0f29d07611174a1b42f1444741"},
    {file = "PyYAML-6.0.1-cp311-cp311-win_amd64.whl", hash = "sha256:bf07ee2fef7014951eeb99f56f39c9bb4af143d8aa3c21b1677805985307da34"},
    {file = "PyYAML-6.0.1-cp312-cp312-macosx_10_9_x86_64.whl", hash = "sha256:855fb52b0dc35af121542a76b9a84f8d1cd886ea97c84703eaa6d88e37a2ad28"},
    {file = "PyYAML-6.0.1-cp312-cp312-macosx_11_0_arm64.whl", hash = "sha256:40df9b996c2b73138957fe23a16a4f0ba614f4c0efce1e9406a184b6d07fa3a9"},
    {file = "PyYAML-6.0.1-cp312-cp312-manylinux_2_17_x86_64.manylinux2014_x86_64.whl", hash = "sha256:6c22bec3fbe2524cde73d7ada88f6566758a8f7227bfbf93a408a9d86bcc12a0"},
    {file = "PyYAML-6.0.1-cp312-cp312-musllinux_1_1_x86_64.whl", hash = "sha256:8d4e9c88387b0f5c7d5f281e55304de64cf7f9c0021a3525bd3b1c542da3b0e4"},
    {file = "PyYAML-6.0.1-cp312-cp312-win32.whl", hash = "sha256:d483d2cdf104e7c9fa60c544d92981f12ad66a457afae824d146093b8c294c54"},
    {file = "PyYAML-6.0.1-cp312-cp312-win_amd64.whl", hash = "sha256:0d3304d8c0adc42be59c5f8a4d9e3d7379e6955ad754aa9d6ab7a398b59dd1df"},
    {file = "PyYAML-6.0.1-cp36-cp36m-macosx_10_9_x86_64.whl", hash = "sha256:50550eb667afee136e9a77d6dc71ae76a44df8b3e51e41b77f6de2932bfe0f47"},
    {file = "PyYAML-6.0.1-cp36-cp36m-manylinux_2_17_aarch64.manylinux2014_aarch64.whl", hash = "sha256:1fe35611261b29bd1de0070f0b2f47cb6ff71fa6595c077e42bd0c419fa27b98"},
    {file = "PyYAML-6.0.1-cp36-cp36m-manylinux_2_17_s390x.manylinux2014_s390x.whl", hash = "sha256:704219a11b772aea0d8ecd7058d0082713c3562b4e271b849ad7dc4a5c90c13c"},
    {file = "PyYAML-6.0.1-cp36-cp36m-manylinux_2_17_x86_64.manylinux2014_x86_64.whl", hash = "sha256:afd7e57eddb1a54f0f1a974bc4391af8bcce0b444685d936840f125cf046d5bd"},
    {file = "PyYAML-6.0.1-cp36-cp36m-win32.whl", hash = "sha256:fca0e3a251908a499833aa292323f32437106001d436eca0e6e7833256674585"},
    {file = "PyYAML-6.0.1-cp36-cp36m-win_amd64.whl", hash = "sha256:f22ac1c3cac4dbc50079e965eba2c1058622631e526bd9afd45fedd49ba781fa"},
    {file = "PyYAML-6.0.1-cp37-cp37m-macosx_10_9_x86_64.whl", hash = "sha256:b1275ad35a5d18c62a7220633c913e1b42d44b46ee12554e5fd39c70a243d6a3"},
    {file = "PyYAML-6.0.1-cp37-cp37m-manylinux_2_17_aarch64.manylinux2014_aarch64.whl", hash = "sha256:18aeb1bf9a78867dc38b259769503436b7c72f7a1f1f4c93ff9a17de54319b27"},
    {file = "PyYAML-6.0.1-cp37-cp37m-manylinux_2_17_s390x.manylinux2014_s390x.whl", hash = "sha256:596106435fa6ad000c2991a98fa58eeb8656ef2325d7e158344fb33864ed87e3"},
    {file = "PyYAML-6.0.1-cp37-cp37m-manylinux_2_17_x86_64.manylinux2014_x86_64.whl", hash = "sha256:baa90d3f661d43131ca170712d903e6295d1f7a0f595074f151c0aed377c9b9c"},
    {file = "PyYAML-6.0.1-cp37-cp37m-win32.whl", hash = "sha256:9046c58c4395dff28dd494285c82ba00b546adfc7ef001486fbf0324bc174fba"},
    {file = "PyYAML-6.0.1-cp37-cp37m-win_amd64.whl", hash = "sha256:4fb147e7a67ef577a588a0e2c17b6db51dda102c71de36f8549b6816a96e1867"},
    {file = "PyYAML-6.0.1-cp38-cp38-macosx_10_9_x86_64.whl", hash = "sha256:1d4c7e777c441b20e32f52bd377e0c409713e8bb1386e1099c2415f26e479595"},
    {file = "PyYAML-6.0.1-cp38-cp38-manylinux_2_17_aarch64.manylinux2014_aarch64.whl", hash = "sha256:a0cd17c15d3bb3fa06978b4e8958dcdc6e0174ccea823003a106c7d4d7899ac5"},
    {file = "PyYAML-6.0.1-cp38-cp38-manylinux_2_17_s390x.manylinux2014_s390x.whl", hash = "sha256:28c119d996beec18c05208a8bd78cbe4007878c6dd15091efb73a30e90539696"},
    {file = "PyYAML-6.0.1-cp38-cp38-manylinux_2_17_x86_64.manylinux2014_x86_64.whl", hash = "sha256:7e07cbde391ba96ab58e532ff4803f79c4129397514e1413a7dc761ccd755735"},
    {file = "PyYAML-6.0.1-cp38-cp38-musllinux_1_1_x86_64.whl", hash = "sha256:49a183be227561de579b4a36efbb21b3eab9651dd81b1858589f796549873dd6"},
    {file = "PyYAML-6.0.1-cp38-cp38-win32.whl", hash = "sha256:184c5108a2aca3c5b3d3bf9395d50893a7ab82a38004c8f61c258d4428e80206"},
    {file = "PyYAML-6.0.1-cp38-cp38-win_amd64.whl", hash = "sha256:1e2722cc9fbb45d9b87631ac70924c11d3a401b2d7f410cc0e3bbf249f2dca62"},
    {file = "PyYAML-6.0.1-cp39-cp39-macosx_10_9_x86_64.whl", hash = "sha256:9eb6caa9a297fc2c2fb8862bc5370d0303ddba53ba97e71f08023b6cd73d16a8"},
    {file = "PyYAML-6.0.1-cp39-cp39-macosx_11_0_arm64.whl", hash = "sha256:c8098ddcc2a85b61647b2590f825f3db38891662cfc2fc776415143f599bb859"},
    {file = "PyYAML-6.0.1-cp39-cp39-manylinux_2_17_aarch64.manylinux2014_aarch64.whl", hash = "sha256:5773183b6446b2c99bb77e77595dd486303b4faab2b086e7b17bc6bef28865f6"},
    {file = "PyYAML-6.0.1-cp39-cp39-manylinux_2_17_s390x.manylinux2014_s390x.whl", hash = "sha256:b786eecbdf8499b9ca1d697215862083bd6d2a99965554781d0d8d1ad31e13a0"},
    {file = "PyYAML-6.0.1-cp39-cp39-manylinux_2_17_x86_64.manylinux2014_x86_64.whl", hash = "sha256:bc1bf2925a1ecd43da378f4db9e4f799775d6367bdb94671027b73b393a7c42c"},
    {file = "PyYAML-6.0.1-cp39-cp39-musllinux_1_1_x86_64.whl", hash = "sha256:04ac92ad1925b2cff1db0cfebffb6ffc43457495c9b3c39d3fcae417d7125dc5"},
    {file = "PyYAML-6.0.1-cp39-cp39-win32.whl", hash = "sha256:faca3bdcf85b2fc05d06ff3fbc1f83e1391b3e724afa3feba7d13eeab355484c"},
    {file = "PyYAML-6.0.1-cp39-cp39-win_amd64.whl", hash = "sha256:510c9deebc5c0225e8c96813043e62b680ba2f9c50a08d3724c7f28a747d1486"},
    {file = "PyYAML-6.0.1.tar.gz", hash = "sha256:bfdf460b1736c775f2ba9f6a92bca30bc2095067b8a9d77876d1fad6cc3b4a43"},
]

[[package]]
name = "six"
version = "1.16.0"
description = "Python 2 and 3 compatibility utilities"
optional = false
python-versions = ">=2.7, !=3.0.*, !=3.1.*, !=3.2.*"
files = [
    {file = "six-1.16.0-py2.py3-none-any.whl", hash = "sha256:8abb2f1d86890a2dfb989f9a77cfcfd3e47c2a354b01111771326f8aa26e0254"},
    {file = "six-1.16.0.tar.gz", hash = "sha256:1e61c37477a1626458e36f7b1d82aa5c9b094fa4802892072e49de9c60c4c926"},
]

[[package]]
name = "unidecode"
version = "1.3.7"
description = "ASCII transliterations of Unicode text"
optional = false
python-versions = ">=3.5"
files = [
    {file = "Unidecode-1.3.7-py3-none-any.whl", hash = "sha256:663a537f506834ed836af26a81b210d90cbde044c47bfbdc0fbbc9f94c86a6e4"},
    {file = "Unidecode-1.3.7.tar.gz", hash = "sha256:3c90b4662aa0de0cb591884b934ead8d2225f1800d8da675a7750cbc3bd94610"},
]

[metadata]
lock-version = "2.0"
python-versions = "^3.10"
content-hash = "6470594f5685c9abf35bde32d93c0e68255f315a2c3a0203759ee62807604a68"
